// !$*UTF8*$!
{
	archiveVersion = 1;
	classes = {
	};
	objectVersion = 46;
	objects = {

/* Begin PBXBuildFile section */
		EF04BD302364B7050007BADF /* BaiduMapManager.m in Sources */ = {isa = PBXBuildFile; fileRef = EF04BD2F2364B7050007BADF /* BaiduMapManager.m */; };
		EF154DCC1D562193003146DF /* BaiduMapViewManager.h in CopyFiles */ = {isa = PBXBuildFile; fileRef = EF6660E71D55E68000DB8D08 /* BaiduMapViewManager.h */; };
		EF18EAA0246F07A6005A2F4D /* BMKPointAnnotationPro.m in Sources */ = {isa = PBXBuildFile; fileRef = EF18EA9E246F07A6005A2F4D /* BMKPointAnnotationPro.m */; };
		EF18EAEB246FB87A005A2F4D /* OverlayCircle.m in Sources */ = {isa = PBXBuildFile; fileRef = EF18EAEA246FB87A005A2F4D /* OverlayCircle.m */; };
		EF18EB16246FBF40005A2F4D /* OverlayCircleManager.m in Sources */ = {isa = PBXBuildFile; fileRef = EF18EB15246FBF40005A2F4D /* OverlayCircleManager.m */; };
		EF18EB1C246FC829005A2F4D /* OverlayArc.m in Sources */ = {isa = PBXBuildFile; fileRef = EF18EB1B246FC829005A2F4D /* OverlayArc.m */; };
		EF18EB1F246FC84C005A2F4D /* OverlayArcManager.m in Sources */ = {isa = PBXBuildFile; fileRef = EF18EB1E246FC84C005A2F4D /* OverlayArcManager.m */; };
		EF18EB28246FE35E005A2F4D /* OverlayPolygon.m in Sources */ = {isa = PBXBuildFile; fileRef = EF18EB27246FE35E005A2F4D /* OverlayPolygon.m */; };
		EF18EB2B246FE383005A2F4D /* OverlayPolygonManager.m in Sources */ = {isa = PBXBuildFile; fileRef = EF18EB2A246FE383005A2F4D /* OverlayPolygonManager.m */; };
		EF18EB34246FE863005A2F4D /* InfoWindow.m in Sources */ = {isa = PBXBuildFile; fileRef = EF18EB33246FE863005A2F4D /* InfoWindow.m */; };
		EF18EB37246FE885005A2F4D /* InfoWindowManager.m in Sources */ = {isa = PBXBuildFile; fileRef = EF18EB36246FE885005A2F4D /* InfoWindowManager.m */; };
		EF18EB3C246FE899005A2F4D /* GetDistanceModule.m in Sources */ = {isa = PBXBuildFile; fileRef = EF18EB38246FE898005A2F4D /* GetDistanceModule.m */; };
		EF18EB3D246FE899005A2F4D /* BaseModule.m in Sources */ = {isa = PBXBuildFile; fileRef = EF18EB3A246FE899005A2F4D /* BaseModule.m */; };
		EF3C225A1CC2C30D0099E9B6 /* BaiduMapView.h in CopyFiles */ = {isa = PBXBuildFile; fileRef = EF3C22591CC2C30D0099E9B6 /* BaiduMapView.h */; };
		EF3C225C1CC2C30D0099E9B6 /* BaiduMapView.m in Sources */ = {isa = PBXBuildFile; fileRef = EF3C225B1CC2C30D0099E9B6 /* BaiduMapView.m */; };
		EF4ABB0D1DC378CF008E75C9 /* GeolocationModule.m in Sources */ = {isa = PBXBuildFile; fileRef = EF4ABB0C1DC378CF008E75C9 /* GeolocationModule.m */; };
		EF6660E91D55E69B00DB8D08 /* BaiduMapViewManager.m in Sources */ = {isa = PBXBuildFile; fileRef = EF6660E81D55E69B00DB8D08 /* BaiduMapViewManager.m */; };
		EF7F66C42369F9B600D1D9DC /* BaiduMapAppModule.m in Sources */ = {isa = PBXBuildFile; fileRef = EF7F66C32369F9B600D1D9DC /* BaiduMapAppModule.m */; };
		EF824B6F234A18AD009E6523 /* BMKCluster.m in Sources */ = {isa = PBXBuildFile; fileRef = EF824B6A234A18AD009E6523 /* BMKCluster.m */; };
		EF824B70234A18AD009E6523 /* BMKClusterQuadtree.m in Sources */ = {isa = PBXBuildFile; fileRef = EF824B6B234A18AD009E6523 /* BMKClusterQuadtree.m */; };
		EF824B72234A18AD009E6523 /* BMKClusterManager.m in Sources */ = {isa = PBXBuildFile; fileRef = EF824B6E234A18AD009E6523 /* BMKClusterManager.m */; };
		EF9F1D7D24783377007FB307 /* OverlayHeatMap.m in Sources */ = {isa = PBXBuildFile; fileRef = EF9F1D7C24783377007FB307 /* OverlayHeatMap.m */; };
		EF9F1D802478DECC007FB307 /* OverlayHeatMapManager.m in Sources */ = {isa = PBXBuildFile; fileRef = EF9F1D7F2478DECC007FB307 /* OverlayHeatMapManager.m */; };
		EFB77A4A234AF69B00A17DDF /* OverlayPolyline.m in Sources */ = {isa = PBXBuildFile; fileRef = EFB77A45234AF69B00A17DDF /* OverlayPolyline.m */; };
		EFB77A4B234AF69B00A17DDF /* OverlayView.m in Sources */ = {isa = PBXBuildFile; fileRef = EFB77A47234AF69B00A17DDF /* OverlayView.m */; };
		EFB77A4C234AF69B00A17DDF /* OverlayMarker.m in Sources */ = {isa = PBXBuildFile; fileRef = EFB77A48234AF69B00A17DDF /* OverlayMarker.m */; };
		EFB77A52234AF6E300A17DDF /* OverlayPolylineManager.m in Sources */ = {isa = PBXBuildFile; fileRef = EFB77A4F234AF6E300A17DDF /* OverlayPolylineManager.m */; };
		EFB77A53234AF6E300A17DDF /* OverlayMarkerManager.m in Sources */ = {isa = PBXBuildFile; fileRef = EFB77A51234AF6E300A17DDF /* OverlayMarkerManager.m */; };
		EFB77A58234AF73900A17DDF /* OverlayUtils.m in Sources */ = {isa = PBXBuildFile; fileRef = EFB77A56234AF73900A17DDF /* OverlayUtils.m */; };
		EFB77A65234B0B3B00A17DDF /* ClusterAnnotation.m in Sources */ = {isa = PBXBuildFile; fileRef = EFB77A64234B0B3B00A17DDF /* ClusterAnnotation.m */; };
		EFB77A6A234B792F00A17DDF /* OverlayCluster.m in Sources */ = {isa = PBXBuildFile; fileRef = EFB77A66234B792F00A17DDF /* OverlayCluster.m */; };
		EFB77A6B234B792F00A17DDF /* OverlayClusterManager.m in Sources */ = {isa = PBXBuildFile; fileRef = EFB77A68234B792F00A17DDF /* OverlayClusterManager.m */; };
		EFC6BFFB248D0FE4003DB9CE /* OverlayMarkerIcon.m in Sources */ = {isa = PBXBuildFile; fileRef = EFC6BFFA248D0FE4003DB9CE /* OverlayMarkerIcon.m */; };
		EFC6BFFE248D1093003DB9CE /* OverlayMarkerIconManager.m in Sources */ = {isa = PBXBuildFile; fileRef = EFC6BFFD248D1093003DB9CE /* OverlayMarkerIconManager.m */; };
/* End PBXBuildFile section */

/* Begin PBXCopyFilesBuildPhase section */
		EF3C22541CC2C30D0099E9B6 /* CopyFiles */ = {
			isa = PBXCopyFilesBuildPhase;
			buildActionMask = 2147483647;
			dstPath = "include/$(PRODUCT_NAME)";
			dstSubfolderSpec = 16;
			files = (
				EF154DCC1D562193003146DF /* BaiduMapViewManager.h in CopyFiles */,
				EF3C225A1CC2C30D0099E9B6 /* BaiduMapView.h in CopyFiles */,
			);
			runOnlyForDeploymentPostprocessing = 0;
		};
/* End PBXCopyFilesBuildPhase section */

/* Begin PBXFileReference section */
		EF04BD2E2364B7050007BADF /* BaiduMapManager.h */ = {isa = PBXFileReference; lastKnownFileType = sourcecode.c.h; path = BaiduMapManager.h; sourceTree = "<group>"; };
		EF04BD2F2364B7050007BADF /* BaiduMapManager.m */ = {isa = PBXFileReference; lastKnownFileType = sourcecode.c.objc; path = BaiduMapManager.m; sourceTree = "<group>"; };
		EF18EA9E246F07A6005A2F4D /* BMKPointAnnotationPro.m */ = {isa = PBXFileReference; fileEncoding = 4; lastKnownFileType = sourcecode.c.objc; path = BMKPointAnnotationPro.m; sourceTree = "<group>"; };
		EF18EA9F246F07A6005A2F4D /* BMKPointAnnotationPro.h */ = {isa = PBXFileReference; fileEncoding = 4; lastKnownFileType = sourcecode.c.h; path = BMKPointAnnotationPro.h; sourceTree = "<group>"; };
		EF18EAE9246FB840005A2F4D /* OverlayCircle.h */ = {isa = PBXFileReference; lastKnownFileType = sourcecode.c.h; path = OverlayCircle.h; sourceTree = "<group>"; };
		EF18EAEA246FB87A005A2F4D /* OverlayCircle.m */ = {isa = PBXFileReference; lastKnownFileType = sourcecode.c.objc; path = OverlayCircle.m; sourceTree = "<group>"; };
		EF18EB14246FBF31005A2F4D /* OverlayCircleManager.h */ = {isa = PBXFileReference; lastKnownFileType = sourcecode.c.h; path = OverlayCircleManager.h; sourceTree = "<group>"; };
		EF18EB15246FBF40005A2F4D /* OverlayCircleManager.m */ = {isa = PBXFileReference; lastKnownFileType = sourcecode.c.objc; path = OverlayCircleManager.m; sourceTree = "<group>"; };
		EF18EB1A246FC814005A2F4D /* OverlayArc.h */ = {isa = PBXFileReference; lastKnownFileType = sourcecode.c.h; path = OverlayArc.h; sourceTree = "<group>"; };
		EF18EB1B246FC829005A2F4D /* OverlayArc.m */ = {isa = PBXFileReference; lastKnownFileType = sourcecode.c.objc; path = OverlayArc.m; sourceTree = "<group>"; };
		EF18EB1D246FC83E005A2F4D /* OverlayArcManager.h */ = {isa = PBXFileReference; lastKnownFileType = sourcecode.c.h; path = OverlayArcManager.h; sourceTree = "<group>"; };
		EF18EB1E246FC84C005A2F4D /* OverlayArcManager.m */ = {isa = PBXFileReference; lastKnownFileType = sourcecode.c.objc; path = OverlayArcManager.m; sourceTree = "<group>"; };
		EF18EB26246FE34B005A2F4D /* OverlayPolygon.h */ = {isa = PBXFileReference; lastKnownFileType = sourcecode.c.h; path = OverlayPolygon.h; sourceTree = "<group>"; };
		EF18EB27246FE35E005A2F4D /* OverlayPolygon.m */ = {isa = PBXFileReference; lastKnownFileType = sourcecode.c.objc; path = OverlayPolygon.m; sourceTree = "<group>"; };
		EF18EB29246FE374005A2F4D /* OverlayPolygonManager.h */ = {isa = PBXFileReference; lastKnownFileType = sourcecode.c.h; path = OverlayPolygonManager.h; sourceTree = "<group>"; };
		EF18EB2A246FE383005A2F4D /* OverlayPolygonManager.m */ = {isa = PBXFileReference; lastKnownFileType = sourcecode.c.objc; path = OverlayPolygonManager.m; sourceTree = "<group>"; };
		EF18EB32246FE856005A2F4D /* InfoWindow.h */ = {isa = PBXFileReference; lastKnownFileType = sourcecode.c.h; path = InfoWindow.h; sourceTree = "<group>"; };
		EF18EB33246FE863005A2F4D /* InfoWindow.m */ = {isa = PBXFileReference; lastKnownFileType = sourcecode.c.objc; path = InfoWindow.m; sourceTree = "<group>"; };
		EF18EB35246FE873005A2F4D /* InfoWindowManager.h */ = {isa = PBXFileReference; lastKnownFileType = sourcecode.c.h; path = InfoWindowManager.h; sourceTree = "<group>"; };
		EF18EB36246FE885005A2F4D /* InfoWindowManager.m */ = {isa = PBXFileReference; lastKnownFileType = sourcecode.c.objc; path = InfoWindowManager.m; sourceTree = "<group>"; };
		EF18EB38246FE898005A2F4D /* GetDistanceModule.m */ = {isa = PBXFileReference; fileEncoding = 4; lastKnownFileType = sourcecode.c.objc; path = GetDistanceModule.m; sourceTree = "<group>"; };
		EF18EB39246FE898005A2F4D /* GetDistanceModule.h */ = {isa = PBXFileReference; fileEncoding = 4; lastKnownFileType = sourcecode.c.h; path = GetDistanceModule.h; sourceTree = "<group>"; };
		EF18EB3A246FE899005A2F4D /* BaseModule.m */ = {isa = PBXFileReference; fileEncoding = 4; lastKnownFileType = sourcecode.c.objc; path = BaseModule.m; sourceTree = "<group>"; };
		EF18EB3B246FE899005A2F4D /* BaseModule.h */ = {isa = PBXFileReference; fileEncoding = 4; lastKnownFileType = sourcecode.c.h; path = BaseModule.h; sourceTree = "<group>"; };
		EF3C22561CC2C30D0099E9B6 /* libRCTBaiduMap.a */ = {isa = PBXFileReference; explicitFileType = archive.ar; includeInIndex = 0; path = libRCTBaiduMap.a; sourceTree = BUILT_PRODUCTS_DIR; };
		EF3C22591CC2C30D0099E9B6 /* BaiduMapView.h */ = {isa = PBXFileReference; lastKnownFileType = sourcecode.c.h; path = BaiduMapView.h; sourceTree = "<group>"; };
		EF3C225B1CC2C30D0099E9B6 /* BaiduMapView.m */ = {isa = PBXFileReference; lastKnownFileType = sourcecode.c.objc; path = BaiduMapView.m; sourceTree = "<group>"; };
		EF4ABB0B1DC378BD008E75C9 /* GeolocationModule.h */ = {isa = PBXFileReference; lastKnownFileType = sourcecode.c.h; path = GeolocationModule.h; sourceTree = "<group>"; };
		EF4ABB0C1DC378CF008E75C9 /* GeolocationModule.m */ = {isa = PBXFileReference; fileEncoding = 4; lastKnownFileType = sourcecode.c.objc; path = GeolocationModule.m; sourceTree = "<group>"; };
		EF6660E71D55E68000DB8D08 /* BaiduMapViewManager.h */ = {isa = PBXFileReference; lastKnownFileType = sourcecode.c.h; path = BaiduMapViewManager.h; sourceTree = "<group>"; };
		EF6660E81D55E69B00DB8D08 /* BaiduMapViewManager.m */ = {isa = PBXFileReference; fileEncoding = 4; lastKnownFileType = sourcecode.c.objc; path = BaiduMapViewManager.m; sourceTree = "<group>"; };
		EF7F66C22369F9B600D1D9DC /* BaiduMapAppModule.h */ = {isa = PBXFileReference; fileEncoding = 4; lastKnownFileType = sourcecode.c.h; path = BaiduMapAppModule.h; sourceTree = "<group>"; };
		EF7F66C32369F9B600D1D9DC /* BaiduMapAppModule.m */ = {isa = PBXFileReference; fileEncoding = 4; lastKnownFileType = sourcecode.c.objc; path = BaiduMapAppModule.m; sourceTree = "<group>"; };
		EF824B67234A18AD009E6523 /* BMKCluster.h */ = {isa = PBXFileReference; fileEncoding = 4; lastKnownFileType = sourcecode.c.h; path = BMKCluster.h; sourceTree = "<group>"; };
		EF824B68234A18AD009E6523 /* BMKClusterManager.h */ = {isa = PBXFileReference; fileEncoding = 4; lastKnownFileType = sourcecode.c.h; path = BMKClusterManager.h; sourceTree = "<group>"; };
		EF824B69234A18AD009E6523 /* BMKClusterQuadtree.h */ = {isa = PBXFileReference; fileEncoding = 4; lastKnownFileType = sourcecode.c.h; path = BMKClusterQuadtree.h; sourceTree = "<group>"; };
		EF824B6A234A18AD009E6523 /* BMKCluster.m */ = {isa = PBXFileReference; fileEncoding = 4; lastKnownFileType = sourcecode.c.objc; path = BMKCluster.m; sourceTree = "<group>"; };
		EF824B6B234A18AD009E6523 /* BMKClusterQuadtree.m */ = {isa = PBXFileReference; fileEncoding = 4; lastKnownFileType = sourcecode.c.objc; path = BMKClusterQuadtree.m; sourceTree = "<group>"; };
		EF824B6E234A18AD009E6523 /* BMKClusterManager.m */ = {isa = PBXFileReference; fileEncoding = 4; lastKnownFileType = sourcecode.c.objc; path = BMKClusterManager.m; sourceTree = "<group>"; };
		EF9F1D7B24783355007FB307 /* OverlayHeatMap.h */ = {isa = PBXFileReference; lastKnownFileType = sourcecode.c.h; path = OverlayHeatMap.h; sourceTree = "<group>"; };
		EF9F1D7C24783377007FB307 /* OverlayHeatMap.m */ = {isa = PBXFileReference; lastKnownFileType = sourcecode.c.objc; path = OverlayHeatMap.m; sourceTree = "<group>"; };
		EF9F1D7E2478DEBA007FB307 /* OverlayHeatMapManager.h */ = {isa = PBXFileReference; lastKnownFileType = sourcecode.c.h; path = OverlayHeatMapManager.h; sourceTree = "<group>"; };
		EF9F1D7F2478DECC007FB307 /* OverlayHeatMapManager.m */ = {isa = PBXFileReference; lastKnownFileType = sourcecode.c.objc; path = OverlayHeatMapManager.m; sourceTree = "<group>"; };
		EFB77A44234AF69A00A17DDF /* OverlayMarker.h */ = {isa = PBXFileReference; fileEncoding = 4; lastKnownFileType = sourcecode.c.h; path = OverlayMarker.h; sourceTree = "<group>"; };
		EFB77A45234AF69B00A17DDF /* OverlayPolyline.m */ = {isa = PBXFileReference; fileEncoding = 4; lastKnownFileType = sourcecode.c.objc; path = OverlayPolyline.m; sourceTree = "<group>"; };
		EFB77A46234AF69B00A17DDF /* OverlayView.h */ = {isa = PBXFileReference; fileEncoding = 4; lastKnownFileType = sourcecode.c.h; path = OverlayView.h; sourceTree = "<group>"; };
		EFB77A47234AF69B00A17DDF /* OverlayView.m */ = {isa = PBXFileReference; fileEncoding = 4; lastKnownFileType = sourcecode.c.objc; path = OverlayView.m; sourceTree = "<group>"; };
		EFB77A48234AF69B00A17DDF /* OverlayMarker.m */ = {isa = PBXFileReference; fileEncoding = 4; lastKnownFileType = sourcecode.c.objc; path = OverlayMarker.m; sourceTree = "<group>"; };
		EFB77A49234AF69B00A17DDF /* OverlayPolyline.h */ = {isa = PBXFileReference; fileEncoding = 4; lastKnownFileType = sourcecode.c.h; path = OverlayPolyline.h; sourceTree = "<group>"; };
		EFB77A4E234AF6E300A17DDF /* OverlayMarkerManager.h */ = {isa = PBXFileReference; fileEncoding = 4; lastKnownFileType = sourcecode.c.h; path = OverlayMarkerManager.h; sourceTree = "<group>"; };
		EFB77A4F234AF6E300A17DDF /* OverlayPolylineManager.m */ = {isa = PBXFileReference; fileEncoding = 4; lastKnownFileType = sourcecode.c.objc; path = OverlayPolylineManager.m; sourceTree = "<group>"; };
		EFB77A50234AF6E300A17DDF /* OverlayPolylineManager.h */ = {isa = PBXFileReference; fileEncoding = 4; lastKnownFileType = sourcecode.c.h; path = OverlayPolylineManager.h; sourceTree = "<group>"; };
		EFB77A51234AF6E300A17DDF /* OverlayMarkerManager.m */ = {isa = PBXFileReference; fileEncoding = 4; lastKnownFileType = sourcecode.c.objc; path = OverlayMarkerManager.m; sourceTree = "<group>"; };
		EFB77A56234AF73900A17DDF /* OverlayUtils.m */ = {isa = PBXFileReference; fileEncoding = 4; lastKnownFileType = sourcecode.c.objc; path = OverlayUtils.m; sourceTree = "<group>"; };
		EFB77A57234AF73900A17DDF /* OverlayUtils.h */ = {isa = PBXFileReference; fileEncoding = 4; lastKnownFileType = sourcecode.c.h; path = OverlayUtils.h; sourceTree = "<group>"; };
		EFB77A63234B0B3B00A17DDF /* ClusterAnnotation.h */ = {isa = PBXFileReference; fileEncoding = 4; lastKnownFileType = sourcecode.c.h; path = ClusterAnnotation.h; sourceTree = "<group>"; };
		EFB77A64234B0B3B00A17DDF /* ClusterAnnotation.m */ = {isa = PBXFileReference; fileEncoding = 4; lastKnownFileType = sourcecode.c.objc; path = ClusterAnnotation.m; sourceTree = "<group>"; };
		EFB77A66234B792F00A17DDF /* OverlayCluster.m */ = {isa = PBXFileReference; fileEncoding = 4; lastKnownFileType = sourcecode.c.objc; path = OverlayCluster.m; sourceTree = "<group>"; };
		EFB77A67234B792F00A17DDF /* OverlayCluster.h */ = {isa = PBXFileReference; fileEncoding = 4; lastKnownFileType = sourcecode.c.h; path = OverlayCluster.h; sourceTree = "<group>"; };
		EFB77A68234B792F00A17DDF /* OverlayClusterManager.m */ = {isa = PBXFileReference; fileEncoding = 4; lastKnownFileType = sourcecode.c.objc; path = OverlayClusterManager.m; sourceTree = "<group>"; };
		EFB77A69234B792F00A17DDF /* OverlayClusterManager.h */ = {isa = PBXFileReference; fileEncoding = 4; lastKnownFileType = sourcecode.c.h; path = OverlayClusterManager.h; sourceTree = "<group>"; };
		EFC6BFF9248D0FCB003DB9CE /* OverlayMarkerIcon.h */ = {isa = PBXFileReference; lastKnownFileType = sourcecode.c.h; path = OverlayMarkerIcon.h; sourceTree = "<group>"; };
		EFC6BFFA248D0FE4003DB9CE /* OverlayMarkerIcon.m */ = {isa = PBXFileReference; lastKnownFileType = sourcecode.c.objc; path = OverlayMarkerIcon.m; sourceTree = "<group>"; };
		EFC6BFFC248D1086003DB9CE /* OverlayMarkerIconManager.h */ = {isa = PBXFileReference; lastKnownFileType = sourcecode.c.h; path = OverlayMarkerIconManager.h; sourceTree = "<group>"; };
		EFC6BFFD248D1093003DB9CE /* OverlayMarkerIconManager.m */ = {isa = PBXFileReference; lastKnownFileType = sourcecode.c.objc; path = OverlayMarkerIconManager.m; sourceTree = "<group>"; };
/* End PBXFileReference section */

/* Begin PBXFrameworksBuildPhase section */
		EF3C22531CC2C30D0099E9B6 /* Frameworks */ = {
			isa = PBXFrameworksBuildPhase;
			buildActionMask = 2147483647;
			files = (
			);
			runOnlyForDeploymentPostprocessing = 0;
		};
/* End PBXFrameworksBuildPhase section */

/* Begin PBXGroup section */
		56ACD5443909B8ED0B517164 /* Frameworks */ = {
			isa = PBXGroup;
			children = (
			);
			name = Frameworks;
			sourceTree = "<group>";
		};
		EF3C224D1CC2C30D0099E9B6 = {
			isa = PBXGroup;
			children = (
				EF3C22581CC2C30D0099E9B6 /* RCTBaiduMap */,
				EF3C22571CC2C30D0099E9B6 /* Products */,
				56ACD5443909B8ED0B517164 /* Frameworks */,
			);
			sourceTree = "<group>";
		};
		EF3C22571CC2C30D0099E9B6 /* Products */ = {
			isa = PBXGroup;
			children = (
				EF3C22561CC2C30D0099E9B6 /* libRCTBaiduMap.a */,
			);
			name = Products;
			sourceTree = "<group>";
		};
		EF3C22581CC2C30D0099E9B6 /* RCTBaiduMap */ = {
			isa = PBXGroup;
			children = (
				EF18EB3B246FE899005A2F4D /* BaseModule.h */,
				EF18EB3A246FE899005A2F4D /* BaseModule.m */,
				EF18EB39246FE898005A2F4D /* GetDistanceModule.h */,
				EF18EB38246FE898005A2F4D /* GetDistanceModule.m */,
				EF18EA9F246F07A6005A2F4D /* BMKPointAnnotationPro.h */,
				EF18EA9E246F07A6005A2F4D /* BMKPointAnnotationPro.m */,
				EF7F66BB2369EB3000D1D9DC /* Modules */,
				EFB77A63234B0B3B00A17DDF /* ClusterAnnotation.h */,
				EFB77A64234B0B3B00A17DDF /* ClusterAnnotation.m */,
				EFB77A54234AF70200A17DDF /* Utils */,
				EFB77A4D234AF6B200A17DDF /* ViewManagers */,
				EFB77A43234AF64200A17DDF /* Views */,
				EF824B66234A17DA009E6523 /* IndustryPurpose */,
				EF3C22591CC2C30D0099E9B6 /* BaiduMapView.h */,
				EF3C225B1CC2C30D0099E9B6 /* BaiduMapView.m */,
				EF6660E71D55E68000DB8D08 /* BaiduMapViewManager.h */,
				EF6660E81D55E69B00DB8D08 /* BaiduMapViewManager.m */,
				EF4ABB0B1DC378BD008E75C9 /* GeolocationModule.h */,
				EF4ABB0C1DC378CF008E75C9 /* GeolocationModule.m */,
			);
			path = RCTBaiduMap;
			sourceTree = "<group>";
		};
		EF7F66BB2369EB3000D1D9DC /* Modules */ = {
			isa = PBXGroup;
			children = (
				EF7F66C22369F9B600D1D9DC /* BaiduMapAppModule.h */,
				EF7F66C32369F9B600D1D9DC /* BaiduMapAppModule.m */,
				EF04BD2E2364B7050007BADF /* BaiduMapManager.h */,
				EF04BD2F2364B7050007BADF /* BaiduMapManager.m */,
			);
			path = Modules;
			sourceTree = "<group>";
		};
		EF824B66234A17DA009E6523 /* IndustryPurpose */ = {
			isa = PBXGroup;
			children = (
				EF824B67234A18AD009E6523 /* BMKCluster.h */,
				EF824B6A234A18AD009E6523 /* BMKCluster.m */,
				EF824B68234A18AD009E6523 /* BMKClusterManager.h */,
				EF824B6E234A18AD009E6523 /* BMKClusterManager.m */,
				EF824B69234A18AD009E6523 /* BMKClusterQuadtree.h */,
				EF824B6B234A18AD009E6523 /* BMKClusterQuadtree.m */,
			);
			path = IndustryPurpose;
			sourceTree = "<group>";
		};
		EFB77A43234AF64200A17DDF /* Views */ = {
			isa = PBXGroup;
			children = (
				EFB77A67234B792F00A17DDF /* OverlayCluster.h */,
				EFB77A66234B792F00A17DDF /* OverlayCluster.m */,
				EFB77A69234B792F00A17DDF /* OverlayClusterManager.h */,
				EFB77A68234B792F00A17DDF /* OverlayClusterManager.m */,
				EFB77A44234AF69A00A17DDF /* OverlayMarker.h */,
				EFB77A48234AF69B00A17DDF /* OverlayMarker.m */,
				EFB77A49234AF69B00A17DDF /* OverlayPolyline.h */,
				EFB77A45234AF69B00A17DDF /* OverlayPolyline.m */,
				EFB77A46234AF69B00A17DDF /* OverlayView.h */,
				EFB77A47234AF69B00A17DDF /* OverlayView.m */,
				EF18EAE9246FB840005A2F4D /* OverlayCircle.h */,
				EF18EAEA246FB87A005A2F4D /* OverlayCircle.m */,
				EF18EB1A246FC814005A2F4D /* OverlayArc.h */,
				EF18EB1B246FC829005A2F4D /* OverlayArc.m */,
				EF18EB26246FE34B005A2F4D /* OverlayPolygon.h */,
				EF18EB27246FE35E005A2F4D /* OverlayPolygon.m */,
				EF18EB32246FE856005A2F4D /* InfoWindow.h */,
				EF18EB33246FE863005A2F4D /* InfoWindow.m */,
				EF9F1D7C24783377007FB307 /* OverlayHeatMap.m */,
				EF9F1D7B24783355007FB307 /* OverlayHeatMap.h */,
				EFC6BFF9248D0FCB003DB9CE /* OverlayMarkerIcon.h */,
				EFC6BFFA248D0FE4003DB9CE /* OverlayMarkerIcon.m */,
			);
			path = Views;
			sourceTree = "<group>";
		};
		EFB77A4D234AF6B200A17DDF /* ViewManagers */ = {
			isa = PBXGroup;
			children = (
				EFB77A4E234AF6E300A17DDF /* OverlayMarkerManager.h */,
				EFB77A51234AF6E300A17DDF /* OverlayMarkerManager.m */,
				EFB77A50234AF6E300A17DDF /* OverlayPolylineManager.h */,
				EFB77A4F234AF6E300A17DDF /* OverlayPolylineManager.m */,
				EF18EB14246FBF31005A2F4D /* OverlayCircleManager.h */,
				EF18EB15246FBF40005A2F4D /* OverlayCircleManager.m */,
				EF18EB1D246FC83E005A2F4D /* OverlayArcManager.h */,
				EF18EB1E246FC84C005A2F4D /* OverlayArcManager.m */,
				EF18EB29246FE374005A2F4D /* OverlayPolygonManager.h */,
				EF18EB2A246FE383005A2F4D /* OverlayPolygonManager.m */,
				EF18EB35246FE873005A2F4D /* InfoWindowManager.h */,
				EF18EB36246FE885005A2F4D /* InfoWindowManager.m */,
				EF9F1D7E2478DEBA007FB307 /* OverlayHeatMapManager.h */,
				EF9F1D7F2478DECC007FB307 /* OverlayHeatMapManager.m */,
				EFC6BFFC248D1086003DB9CE /* OverlayMarkerIconManager.h */,
				EFC6BFFD248D1093003DB9CE /* OverlayMarkerIconManager.m */,
			);
			path = ViewManagers;
			sourceTree = "<group>";
		};
		EFB77A54234AF70200A17DDF /* Utils */ = {
			isa = PBXGroup;
			children = (
				EFB77A57234AF73900A17DDF /* OverlayUtils.h */,
				EFB77A56234AF73900A17DDF /* OverlayUtils.m */,
			);
			path = Utils;
			sourceTree = "<group>";
		};
/* End PBXGroup section */

/* Begin PBXNativeTarget section */
		EF3C22551CC2C30D0099E9B6 /* RCTBaiduMap */ = {
			isa = PBXNativeTarget;
			buildConfigurationList = EF3C225F1CC2C30D0099E9B6 /* Build configuration list for PBXNativeTarget "RCTBaiduMap" */;
			buildPhases = (
				F94669FC245B52F58812BA9A /* [CP] Check Pods Manifest.lock */,
				EF3C22521CC2C30D0099E9B6 /* Sources */,
				EF3C22531CC2C30D0099E9B6 /* Frameworks */,
				EF3C22541CC2C30D0099E9B6 /* CopyFiles */,
				72D333A98189A0536B2EDB9A /* [CP] Copy Pods Resources */,
			);
			buildRules = (
			);
			dependencies = (
			);
			name = RCTBaiduMap;
			productName = RCTBaiduMap;
			productReference = EF3C22561CC2C30D0099E9B6 /* libRCTBaiduMap.a */;
			productType = "com.apple.product-type.library.static";
		};
/* End PBXNativeTarget section */

/* Begin PBXProject section */
		EF3C224E1CC2C30D0099E9B6 /* Project object */ = {
			isa = PBXProject;
			attributes = {
				LastUpgradeCheck = 0720;
				ORGANIZATIONNAME = lovebing.org;
				TargetAttributes = {
					EF3C22551CC2C30D0099E9B6 = {
						CreatedOnToolsVersion = 7.2.1;
					};
				};
			};
			buildConfigurationList = EF3C22511CC2C30D0099E9B6 /* Build configuration list for PBXProject "RCTBaiduMap" */;
			compatibilityVersion = "Xcode 3.2";
			developmentRegion = English;
			hasScannedForEncodings = 0;
			knownRegions = (
				English,
				en,
			);
			mainGroup = EF3C224D1CC2C30D0099E9B6;
			productRefGroup = EF3C22571CC2C30D0099E9B6 /* Products */;
			projectDirPath = "";
			projectRoot = "";
			targets = (
				EF3C22551CC2C30D0099E9B6 /* RCTBaiduMap */,
			);
		};
/* End PBXProject section */

/* Begin PBXShellScriptBuildPhase section */
		72D333A98189A0536B2EDB9A /* [CP] Copy Pods Resources */ = {
			isa = PBXShellScriptBuildPhase;
			buildActionMask = 2147483647;
			files = (
			);
			inputPaths = (
				"${SRCROOT}/Pods/Target Support Files/Pods-RCTBaiduMap/Pods-RCTBaiduMap-resources.sh",
				"${PODS_ROOT}/BaiduMapKit/BaiduMapKit/BaiduMapAPI_Map.framework/mapapi.bundle",
			);
			name = "[CP] Copy Pods Resources";
			outputPaths = (
				"${TARGET_BUILD_DIR}/${UNLOCALIZED_RESOURCES_FOLDER_PATH}/mapapi.bundle",
			);
			runOnlyForDeploymentPostprocessing = 0;
			shellPath = /bin/sh;
			shellScript = "\"${SRCROOT}/Pods/Target Support Files/Pods-RCTBaiduMap/Pods-RCTBaiduMap-resources.sh\"\n";
			showEnvVarsInLog = 0;
		};
		F94669FC245B52F58812BA9A /* [CP] Check Pods Manifest.lock */ = {
			isa = PBXShellScriptBuildPhase;
			buildActionMask = 2147483647;
			files = (
			);
			inputPaths = (
				"${PODS_PODFILE_DIR_PATH}/Podfile.lock",
				"${PODS_ROOT}/Manifest.lock",
			);
			name = "[CP] Check Pods Manifest.lock";
			outputPaths = (
				"$(DERIVED_FILE_DIR)/Pods-RCTBaiduMap-checkManifestLockResult.txt",
			);
			runOnlyForDeploymentPostprocessing = 0;
			shellPath = /bin/sh;
			shellScript = "diff \"${PODS_PODFILE_DIR_PATH}/Podfile.lock\" \"${PODS_ROOT}/Manifest.lock\" > /dev/null\nif [ $? != 0 ] ; then\n    # print error to STDERR\n    echo \"error: The sandbox is not in sync with the Podfile.lock. Run 'pod install' or update your CocoaPods installation.\" >&2\n    exit 1\nfi\n# This output is used by Xcode 'outputs' to avoid re-running this script phase.\necho \"SUCCESS\" > \"${SCRIPT_OUTPUT_FILE_0}\"\n";
			showEnvVarsInLog = 0;
		};
/* End PBXShellScriptBuildPhase section */

/* Begin PBXSourcesBuildPhase section */
		EF3C22521CC2C30D0099E9B6 /* Sources */ = {
			isa = PBXSourcesBuildPhase;
			buildActionMask = 2147483647;
			files = (
				EF18EB3D246FE899005A2F4D /* BaseModule.m in Sources */,
				EFB77A58234AF73900A17DDF /* OverlayUtils.m in Sources */,
				EF7F66C42369F9B600D1D9DC /* BaiduMapAppModule.m in Sources */,
				EF18EB1C246FC829005A2F4D /* OverlayArc.m in Sources */,
				EF18EB1F246FC84C005A2F4D /* OverlayArcManager.m in Sources */,
				EF9F1D802478DECC007FB307 /* OverlayHeatMapManager.m in Sources */,
				EF18EB3C246FE899005A2F4D /* GetDistanceModule.m in Sources */,
				EFB77A53234AF6E300A17DDF /* OverlayMarkerManager.m in Sources */,
				EF18EAEB246FB87A005A2F4D /* OverlayCircle.m in Sources */,
				EFB77A52234AF6E300A17DDF /* OverlayPolylineManager.m in Sources */,
				EF18EB2B246FE383005A2F4D /* OverlayPolygonManager.m in Sources */,
				EFB77A4A234AF69B00A17DDF /* OverlayPolyline.m in Sources */,
				EF9F1D7D24783377007FB307 /* OverlayHeatMap.m in Sources */,
				EF4ABB0D1DC378CF008E75C9 /* GeolocationModule.m in Sources */,
				EFB77A4C234AF69B00A17DDF /* OverlayMarker.m in Sources */,
				EF18EB37246FE885005A2F4D /* InfoWindowManager.m in Sources */,
				EF18EB16246FBF40005A2F4D /* OverlayCircleManager.m in Sources */,
				EF18EB28246FE35E005A2F4D /* OverlayPolygon.m in Sources */,
				EF824B72234A18AD009E6523 /* BMKClusterManager.m in Sources */,
				EF3C225C1CC2C30D0099E9B6 /* BaiduMapView.m in Sources */,
				EFB77A65234B0B3B00A17DDF /* ClusterAnnotation.m in Sources */,
				EF6660E91D55E69B00DB8D08 /* BaiduMapViewManager.m in Sources */,
				EF04BD302364B7050007BADF /* BaiduMapManager.m in Sources */,
				EFB77A4B234AF69B00A17DDF /* OverlayView.m in Sources */,
				EF18EB34246FE863005A2F4D /* InfoWindow.m in Sources */,
				EFB77A6B234B792F00A17DDF /* OverlayClusterManager.m in Sources */,
				EF18EAA0246F07A6005A2F4D /* BMKPointAnnotationPro.m in Sources */,
				EFC6BFFB248D0FE4003DB9CE /* OverlayMarkerIcon.m in Sources */,
				EFB77A6A234B792F00A17DDF /* OverlayCluster.m in Sources */,
				EFC6BFFE248D1093003DB9CE /* OverlayMarkerIconManager.m in Sources */,
				EF824B6F234A18AD009E6523 /* BMKCluster.m in Sources */,
				EF824B70234A18AD009E6523 /* BMKClusterQuadtree.m in Sources */,
			);
			runOnlyForDeploymentPostprocessing = 0;
		};
/* End PBXSourcesBuildPhase section */

/* Begin XCBuildConfiguration section */
		EF3C225D1CC2C30D0099E9B6 /* Debug */ = {
			isa = XCBuildConfiguration;
			buildSettings = {
				ALWAYS_SEARCH_USER_PATHS = NO;
				CLANG_CXX_LANGUAGE_STANDARD = "gnu++0x";
				CLANG_CXX_LIBRARY = "libc++";
				CLANG_ENABLE_MODULES = YES;
				CLANG_ENABLE_OBJC_ARC = YES;
				CLANG_WARN_BOOL_CONVERSION = YES;
				CLANG_WARN_CONSTANT_CONVERSION = YES;
				CLANG_WARN_DIRECT_OBJC_ISA_USAGE = YES_ERROR;
				CLANG_WARN_EMPTY_BODY = YES;
				CLANG_WARN_ENUM_CONVERSION = YES;
				CLANG_WARN_INT_CONVERSION = YES;
				CLANG_WARN_OBJC_ROOT_CLASS = YES_ERROR;
				CLANG_WARN_UNREACHABLE_CODE = YES;
				CLANG_WARN__DUPLICATE_METHOD_MATCH = YES;
				"CODE_SIGN_IDENTITY[sdk=iphoneos*]" = "iPhone Developer";
				COPY_PHASE_STRIP = NO;
				DEBUG_INFORMATION_FORMAT = dwarf;
				ENABLE_STRICT_OBJC_MSGSEND = YES;
				ENABLE_TESTABILITY = YES;
				GCC_C_LANGUAGE_STANDARD = gnu99;
				GCC_DYNAMIC_NO_PIC = NO;
				GCC_NO_COMMON_BLOCKS = YES;
				GCC_OPTIMIZATION_LEVEL = 0;
				GCC_PREPROCESSOR_DEFINITIONS = (
					"DEBUG=1",
					"$(inherited)",
				);
				GCC_WARN_64_TO_32_BIT_CONVERSION = YES;
				GCC_WARN_ABOUT_RETURN_TYPE = YES_ERROR;
				GCC_WARN_UNDECLARED_SELECTOR = YES;
				GCC_WARN_UNINITIALIZED_AUTOS = YES_AGGRESSIVE;
				GCC_WARN_UNUSED_FUNCTION = YES;
				GCC_WARN_UNUSED_VARIABLE = YES;
				IPHONEOS_DEPLOYMENT_TARGET = 9.2;
				MTL_ENABLE_DEBUG_INFO = YES;
				ONLY_ACTIVE_ARCH = YES;
				SDKROOT = iphoneos;
			};
			name = Debug;
		};
		EF3C225E1CC2C30D0099E9B6 /* Release */ = {
			isa = XCBuildConfiguration;
			buildSettings = {
				ALWAYS_SEARCH_USER_PATHS = NO;
				CLANG_CXX_LANGUAGE_STANDARD = "gnu++0x";
				CLANG_CXX_LIBRARY = "libc++";
				CLANG_ENABLE_MODULES = YES;
				CLANG_ENABLE_OBJC_ARC = YES;
				CLANG_WARN_BOOL_CONVERSION = YES;
				CLANG_WARN_CONSTANT_CONVERSION = YES;
				CLANG_WARN_DIRECT_OBJC_ISA_USAGE = YES_ERROR;
				CLANG_WARN_EMPTY_BODY = YES;
				CLANG_WARN_ENUM_CONVERSION = YES;
				CLANG_WARN_INT_CONVERSION = YES;
				CLANG_WARN_OBJC_ROOT_CLASS = YES_ERROR;
				CLANG_WARN_UNREACHABLE_CODE = YES;
				CLANG_WARN__DUPLICATE_METHOD_MATCH = YES;
				"CODE_SIGN_IDENTITY[sdk=iphoneos*]" = "iPhone Developer";
				COPY_PHASE_STRIP = NO;
				DEBUG_INFORMATION_FORMAT = "dwarf-with-dsym";
				ENABLE_NS_ASSERTIONS = NO;
				ENABLE_STRICT_OBJC_MSGSEND = YES;
				GCC_C_LANGUAGE_STANDARD = gnu99;
				GCC_NO_COMMON_BLOCKS = YES;
				GCC_WARN_64_TO_32_BIT_CONVERSION = YES;
				GCC_WARN_ABOUT_RETURN_TYPE = YES_ERROR;
				GCC_WARN_UNDECLARED_SELECTOR = YES;
				GCC_WARN_UNINITIALIZED_AUTOS = YES_AGGRESSIVE;
				GCC_WARN_UNUSED_FUNCTION = YES;
				GCC_WARN_UNUSED_VARIABLE = YES;
				IPHONEOS_DEPLOYMENT_TARGET = 9.2;
				MTL_ENABLE_DEBUG_INFO = NO;
				SDKROOT = iphoneos;
				VALIDATE_PRODUCT = YES;
			};
			name = Release;
		};
		EF3C22601CC2C30D0099E9B6 /* Debug */ = {
			isa = XCBuildConfiguration;
			buildSettings = {
				FRAMEWORK_SEARCH_PATHS = (
					"$(inherited)",
					"\"${PODS_ROOT}/BaiduMapKit/BaiduMapKit\"",
				);
				GCC_INPUT_FILETYPE = sourcecode.cpp.objcpp;
				HEADER_SEARCH_PATHS = (
					"$(inherited)",
					"$(SRCROOT)/../react-native/React/**",
					"$(SRCROOT)/../react-native/Libraries/**",
				);
				IPHONEOS_DEPLOYMENT_TARGET = 7.0;
				OTHER_LDFLAGS = (
					"-ObjC",
					"$(inherited)",
				);
				PRODUCT_NAME = "$(TARGET_NAME)";
				SKIP_INSTALL = YES;
			};
			name = Debug;
		};
		EF3C22611CC2C30D0099E9B6 /* Release */ = {
			isa = XCBuildConfiguration;
			buildSettings = {
				FRAMEWORK_SEARCH_PATHS = (
					"$(inherited)",
					"\"${PODS_ROOT}/BaiduMapKit/BaiduMapKit\"",
				);
				GCC_INPUT_FILETYPE = sourcecode.cpp.objcpp;
				HEADER_SEARCH_PATHS = (
					"$(inherited)",
					"$(SRCROOT)/../react-native/React/**",
					"$(SRCROOT)/../react-native/Libraries/**",
				);
				IPHONEOS_DEPLOYMENT_TARGET = 7.0;
				OTHER_LDFLAGS = (
					"-ObjC",
					"$(inherited)",
				);
				PRODUCT_NAME = "$(TARGET_NAME)";
				SKIP_INSTALL = YES;
			};
			name = Release;
		};
/* End XCBuildConfiguration section */

/* Begin XCConfigurationList section */
		EF3C22511CC2C30D0099E9B6 /* Build configuration list for PBXProject "RCTBaiduMap" */ = {
			isa = XCConfigurationList;
			buildConfigurations = (
				EF3C225D1CC2C30D0099E9B6 /* Debug */,
				EF3C225E1CC2C30D0099E9B6 /* Release */,
			);
			defaultConfigurationIsVisible = 0;
			defaultConfigurationName = Release;
		};
		EF3C225F1CC2C30D0099E9B6 /* Build configuration list for PBXNativeTarget "RCTBaiduMap" */ = {
			isa = XCConfigurationList;
			buildConfigurations = (
				EF3C22601CC2C30D0099E9B6 /* Debug */,
				EF3C22611CC2C30D0099E9B6 /* Release */,
			);
			defaultConfigurationIsVisible = 0;
			defaultConfigurationName = Release;
		};
/* End XCConfigurationList section */
	};
	rootObject = EF3C224E1CC2C30D0099E9B6 /* Project object */;
}
